
Microsoft Visual Studio Solution File, Format Version 12.00
# Visual Studio Version 16
VisualStudioVersion = 16.0.29806.167
MinimumVisualStudioVersion = 10.0.40219.1
Project("{FAE04EC0-301F-11D3-BF4B-00C04F79EFBC}") = "PokemonCTR", "PokemonCTR.csproj", "{923CC411-DDC7-46BA-92DD-13131635A7CB}"
EndProject
Project("{FAE04EC0-301F-11D3-BF4B-00C04F79EFBC}") = "NARCFileReadingDLL", "NARCFileReadingDLL\NARCFileReadingDLL.csproj", "{9EAA3D2B-FB4F-4DA2-8548-199571BE1193}"
EndProject
Global
	GlobalSection(SolutionConfigurationPlatforms) = preSolution
		Debug|Any CPU = Debug|Any CPU
		Release|Any CPU = Release|Any CPU
	EndGlobalSection
	GlobalSection(ProjectConfigurationPlatforms) = postSolution
		{923CC411-DDC7-46BA-92DD-13131635A7CB}.Debug|Any CPU.ActiveCfg = Debug|Any CPU
		{923CC411-DDC7-46BA-92DD-13131635A7CB}.Debug|Any CPU.Build.0 = Debug|Any CPU
		{923CC411-DDC7-46BA-92DD-13131635A7CB}.Release|Any CPU.ActiveCfg = Release|Any CPU
		{923CC411-DDC7-46BA-92DD-13131635A7CB}.Release|Any CPU.Build.0 = Release|Any CPU
		{9EAA3D2B-FB4F-4DA2-8548-199571BE1193}.Debug|Any CPU.ActiveCfg = Debug|Any CPU
		{9EAA3D2B-FB4F-4DA2-8548-199571BE1193}.Debug|Any CPU.Build.0 = Debug|Any CPU
		{9EAA3D2B-FB4F-4DA2-8548-199571BE1193}.Release|Any CPU.ActiveCfg = Release|Any CPU
		{9EAA3D2B-FB4F-4DA2-8548-199571BE1193}.Release|Any CPU.Build.0 = Release|Any CPU
	EndGlobalSection
	GlobalSection(SolutionProperties) = preSolution
		HideSolutionNode = FALSE
	EndGlobalSection
	GlobalSection(ExtensibilityGlobals) = postSolution
		SolutionGuid = {1AA4698B-250B-4908-BEC7-7057680E1F4E}
	EndGlobalSection
EndGlobal
